
Microsoft Visual Studio Solution File, Format Version 12.00
# Visual Studio Version 17
VisualStudioVersion = 17.4.33213.308
MinimumVisualStudioVersion = 10.0.40219.1
Project("{FAE04EC0-301F-11D3-BF4B-00C04F79EFBC}") = "lab3", "lab3.csproj", "{EA03F2B3-146B-40A2-92AF-9508EDBACF99}"
EndProject
Global
	GlobalSection(SolutionConfigurationPlatforms) = preSolution
		Debug|Any CPU = Debug|Any CPU
		Release|Any CPU = Release|Any CPU
	EndGlobalSection
	GlobalSection(ProjectConfigurationPlatforms) = postSolution
		{EA03F2B3-146B-40A2-92AF-9508EDBACF99}.Debug|Any CPU.ActiveCfg = Debug|Any CPU
		{EA03F2B3-146B-40A2-92AF-9508EDBACF99}.Debug|Any CPU.Build.0 = Debug|Any CPU
		{EA03F2B3-146B-40A2-92AF-9508EDBACF99}.Release|Any CPU.ActiveCfg = Release|Any CPU
		{EA03F2B3-146B-40A2-92AF-9508EDBACF99}.Release|Any CPU.Build.0 = Release|Any CPU
	EndGlobalSection
	GlobalSection(SolutionProperties) = preSolution
		HideSolutionNode = FALSE
	EndGlobalSection
	GlobalSection(ExtensibilityGlobals) = postSolution
		SolutionGuid = {98D6C45F-126E-48A0-A9BD-06510CC7ABA0}
	EndGlobalSection
EndGlobal
